
Microsoft Visual Studio Solution File, Format Version 12.00
# Visual Studio Version 17
VisualStudioVersion = 17.5.002.0
MinimumVisualStudioVersion = 10.0.40219.1
Project("{9A19103F-16F7-4668-BE54-9A1E7A4F7556}") = "PrimeTests", "PrimeTests.csproj", "{71AB3E37-1006-4D03-AF3D-B55690155255}"
EndProject
Global
	GlobalSection(SolutionConfigurationPlatforms) = preSolution
		Debug|Any CPU = Debug|Any CPU
		Release|Any CPU = Release|Any CPU
	EndGlobalSection
	GlobalSection(ProjectConfigurationPlatforms) = postSolution
		{71AB3E37-1006-4D03-AF3D-B55690155255}.Debug|Any CPU.ActiveCfg = Debug|Any CPU
		{71AB3E37-1006-4D03-AF3D-B55690155255}.Debug|Any CPU.Build.0 = Debug|Any CPU
		{71AB3E37-1006-4D03-AF3D-B55690155255}.Release|Any CPU.ActiveCfg = Release|Any CPU
		{71AB3E37-1006-4D03-AF3D-B55690155255}.Release|Any CPU.Build.0 = Release|Any CPU
	EndGlobalSection
	GlobalSection(SolutionProperties) = preSolution
		HideSolutionNode = FALSE
	EndGlobalSection
	GlobalSection(ExtensibilityGlobals) = postSolution
		SolutionGuid = {780BDE26-AC1D-4E62-82EA-982A55148F47}
	EndGlobalSection
EndGlobal
