Microsoft Visual Studio Solution File, Format Version 12.00
# Visual Studio Version 17
VisualStudioVersion = 17.5.2.0
MinimumVisualStudioVersion = 10.0.40219.1
Project("{FAE04EC0-301F-11D3-BF4B-00C04F79EFBC}") = "PrimeTests", "PrimeTests.csproj", "{E9EE639E-2076-6D30-8B6A-C1D385259EEC}"
EndProject
Global
	GlobalSection(SolutionConfigurationPlatforms) = preSolution
		Debug|Any CPU = Debug|Any CPU
		Release|Any CPU = Release|Any CPU
	EndGlobalSection
	GlobalSection(ProjectConfigurationPlatforms) = postSolution
		{E9EE639E-2076-6D30-8B6A-C1D385259EEC}.Debug|Any CPU.ActiveCfg = Debug|Any CPU
		{E9EE639E-2076-6D30-8B6A-C1D385259EEC}.Debug|Any CPU.Build.0 = Debug|Any CPU
		{E9EE639E-2076-6D30-8B6A-C1D385259EEC}.Release|Any CPU.ActiveCfg = Release|Any CPU
		{E9EE639E-2076-6D30-8B6A-C1D385259EEC}.Release|Any CPU.Build.0 = Release|Any CPU
	EndGlobalSection
	GlobalSection(SolutionProperties) = preSolution
		HideSolutionNode = FALSE
	EndGlobalSection
	GlobalSection(ExtensibilityGlobals) = postSolution
		SolutionGuid = {430C9BEA-9A90-45E8-9D06-3D41A9B178A8}
	EndGlobalSection
EndGlobal
