
Microsoft Visual Studio Solution File, Format Version 12.00
# Visual Studio Version 17
VisualStudioVersion = 17.5.002.0
MinimumVisualStudioVersion = 10.0.40219.1
Project("{9A19103F-16F7-4668-BE54-9A1E7A4F7556}") = "HASiteScriptGen", "HASiteScriptGen.csproj", "{E2A3862A-8A02-4E49-85DC-C8E90ED3DAFC}"
EndProject
Global
	GlobalSection(SolutionConfigurationPlatforms) = preSolution
		Debug|Any CPU = Debug|Any CPU
		Release|Any CPU = Release|Any CPU
	EndGlobalSection
	GlobalSection(ProjectConfigurationPlatforms) = postSolution
		{E2A3862A-8A02-4E49-85DC-C8E90ED3DAFC}.Debug|Any CPU.ActiveCfg = Debug|Any CPU
		{E2A3862A-8A02-4E49-85DC-C8E90ED3DAFC}.Debug|Any CPU.Build.0 = Debug|Any CPU
		{E2A3862A-8A02-4E49-85DC-C8E90ED3DAFC}.Release|Any CPU.ActiveCfg = Release|Any CPU
		{E2A3862A-8A02-4E49-85DC-C8E90ED3DAFC}.Release|Any CPU.Build.0 = Release|Any CPU
	EndGlobalSection
	GlobalSection(SolutionProperties) = preSolution
		HideSolutionNode = FALSE
	EndGlobalSection
	GlobalSection(ExtensibilityGlobals) = postSolution
		SolutionGuid = {9ED3BB24-C1FF-4F53-82EB-2379FB37D0E6}
	EndGlobalSection
EndGlobal
