dependencies:
- name: prime-docman
  repository: file://../prime-docman
  version: 0.1.2
- name: prime-frontend
  repository: file://../prime-frontend
  version: 0.1.2
- name: prime-webapi
  repository: file://../prime-webapi
  version: 0.1.1
- name: redis
  repository: https://charts.bitnami.com/bitnami
  version: 15.6.0
- name: nginx
  repository: https://charts.bitnami.com/bitnami
  version: 9.5.16
digest: sha256:54e5b0a07f6d09d33c989aa0c1c5f64024deedf2de7fcfbf9d255d02197c03aa
generated: "2021-12-21T09:10:50.2122238-08:00"
