dependencies:
- name: prime-docman
  repository: file://../prime-docman
  version: 0.1.1
- name: prime-frontend
  repository: file://../prime-frontend
  version: 0.1.2
- name: prime-webapi
  repository: file://../prime-webapi
  version: 0.1.1
- name: redis
  repository: https://charts.bitnami.com/bitnami
  version: 15.6.0
- name: nginx
  repository: https://charts.bitnami.com/bitnami
  version: 9.5.16
digest: sha256:bf4edcefb7b2e589afaad3473382914aba1d5e8e77d890f116a4358f1dc9e6f2
generated: "2021-12-16T10:45:31.15921-08:00"
